
Microsoft Visual Studio Solution File, Format Version 12.00
# Visual Studio Version 17
VisualStudioVersion = 17.11.35327.3
MinimumVisualStudioVersion = 10.0.40219.1
Project("{FAE04EC0-301F-11D3-BF4B-00C04F79EFBC}") = "IBM25Nov24_WebAppIntro", "IBM25Nov24_WebAppIntro\IBM25Nov24_WebAppIntro.csproj", "{3C10A94E-0E7C-4660-BA95-9C5291FB478E}"
EndProject
Global
	GlobalSection(SolutionConfigurationPlatforms) = preSolution
		Debug|Any CPU = Debug|Any CPU
		Release|Any CPU = Release|Any CPU
	EndGlobalSection
	GlobalSection(ProjectConfigurationPlatforms) = postSolution
		{3C10A94E-0E7C-4660-BA95-9C5291FB478E}.Debug|Any CPU.ActiveCfg = Debug|Any CPU
		{3C10A94E-0E7C-4660-BA95-9C5291FB478E}.Debug|Any CPU.Build.0 = Debug|Any CPU
		{3C10A94E-0E7C-4660-BA95-9C5291FB478E}.Release|Any CPU.ActiveCfg = Release|Any CPU
		{3C10A94E-0E7C-4660-BA95-9C5291FB478E}.Release|Any CPU.Build.0 = Release|Any CPU
	EndGlobalSection
	GlobalSection(SolutionProperties) = preSolution
		HideSolutionNode = FALSE
	EndGlobalSection
	GlobalSection(ExtensibilityGlobals) = postSolution
		SolutionGuid = {E9BFB76A-7357-4A82-A268-DE452C11EA03}
	EndGlobalSection
EndGlobal
